
Microsoft Visual Studio Solution File, Format Version 11.00
# Visual Studio 2010
Project("{FAE04EC0-301F-11D3-BF4B-00C04F79EFBC}") = "MVCCalculator", "MVCCalculator\MVCCalculator.csproj", "{172AF1EB-D199-4A19-87E7-A819C212FC42}"
EndProject
Project("{FAE04EC0-301F-11D3-BF4B-00C04F79EFBC}") = "MVCCalculator.Tests", "MVCCalculator.Tests\MVCCalculator.Tests.csproj", "{B30B27A6-5300-4C00-9749-67B5FBAD92CE}"
EndProject
Global
	GlobalSection(SolutionConfigurationPlatforms) = preSolution
		Debug|Any CPU = Debug|Any CPU
		Release|Any CPU = Release|Any CPU
	EndGlobalSection
	GlobalSection(ProjectConfigurationPlatforms) = postSolution
		{172AF1EB-D199-4A19-87E7-A819C212FC42}.Debug|Any CPU.ActiveCfg = Debug|Any CPU
		{172AF1EB-D199-4A19-87E7-A819C212FC42}.Debug|Any CPU.Build.0 = Debug|Any CPU
		{172AF1EB-D199-4A19-87E7-A819C212FC42}.Release|Any CPU.ActiveCfg = Release|Any CPU
		{172AF1EB-D199-4A19-87E7-A819C212FC42}.Release|Any CPU.Build.0 = Release|Any CPU
		{B30B27A6-5300-4C00-9749-67B5FBAD92CE}.Debug|Any CPU.ActiveCfg = Debug|Any CPU
		{B30B27A6-5300-4C00-9749-67B5FBAD92CE}.Debug|Any CPU.Build.0 = Debug|Any CPU
		{B30B27A6-5300-4C00-9749-67B5FBAD92CE}.Release|Any CPU.ActiveCfg = Release|Any CPU
		{B30B27A6-5300-4C00-9749-67B5FBAD92CE}.Release|Any CPU.Build.0 = Release|Any CPU
	EndGlobalSection
	GlobalSection(SolutionProperties) = preSolution
		HideSolutionNode = FALSE
	EndGlobalSection
EndGlobal
